
Microsoft Visual Studio Solution File, Format Version 12.00
# Visual Studio Version 17
VisualStudioVersion = 17.4.33122.133
MinimumVisualStudioVersion = 10.0.40219.1
Project("{FAE04EC0-301F-11D3-BF4B-00C04F79EFBC}") = "FiguresForms", "FiguresForms.csproj", "{1193DBBA-1290-4CA7-8A01-3C171B2005B5}"
EndProject
Global
	GlobalSection(SolutionConfigurationPlatforms) = preSolution
		Debug|Any CPU = Debug|Any CPU
		Release|Any CPU = Release|Any CPU
	EndGlobalSection
	GlobalSection(ProjectConfigurationPlatforms) = postSolution
		{1193DBBA-1290-4CA7-8A01-3C171B2005B5}.Debug|Any CPU.ActiveCfg = Debug|Any CPU
		{1193DBBA-1290-4CA7-8A01-3C171B2005B5}.Debug|Any CPU.Build.0 = Debug|Any CPU
		{1193DBBA-1290-4CA7-8A01-3C171B2005B5}.Release|Any CPU.ActiveCfg = Release|Any CPU
		{1193DBBA-1290-4CA7-8A01-3C171B2005B5}.Release|Any CPU.Build.0 = Release|Any CPU
	EndGlobalSection
	GlobalSection(SolutionProperties) = preSolution
		HideSolutionNode = FALSE
	EndGlobalSection
	GlobalSection(ExtensibilityGlobals) = postSolution
		SolutionGuid = {4688D7BC-43EF-4AD0-A130-4FDD63E601CE}
	EndGlobalSection
EndGlobal
